
Microsoft Visual Studio Solution File, Format Version 12.00
# Visual Studio 2012
Project("{FAE04EC0-301F-11D3-BF4B-00C04F79EFBC}") = "CorsSampleWebApi", "CorsSampleWebApi\CorsSampleWebApi.csproj", "{88F62712-0372-4295-97DC-9AEE28832FF5}"
EndProject
Project("{2150E333-8FDC-42A3-9474-1A3956D46DE8}") = ".nuget", ".nuget", "{1D7122BB-E92E-4799-B08E-F4BEDFE70F2B}"
	ProjectSection(SolutionItems) = preProject
		.nuget\NuGet.Config = .nuget\NuGet.Config
		.nuget\NuGet.exe = .nuget\NuGet.exe
		.nuget\NuGet.targets = .nuget\NuGet.targets
	EndProjectSection
EndProject
Project("{FAE04EC0-301F-11D3-BF4B-00C04F79EFBC}") = "Thinktecture.IdentityModel", "..\..\..\IdentityModel\Thinktecture.IdentityModel\Thinktecture.IdentityModel.csproj", "{AC9A74DF-4AAB-43C8-B0ED-B7602721E545}"
EndProject
Global
	GlobalSection(SolutionConfigurationPlatforms) = preSolution
		Analysis (Debug)|Any CPU = Analysis (Debug)|Any CPU
		Debug and Contracts|Any CPU = Debug and Contracts|Any CPU
		Debug|Any CPU = Debug|Any CPU
		Release|Any CPU = Release|Any CPU
	EndGlobalSection
	GlobalSection(ProjectConfigurationPlatforms) = postSolution
		{88F62712-0372-4295-97DC-9AEE28832FF5}.Analysis (Debug)|Any CPU.ActiveCfg = Debug|Any CPU
		{88F62712-0372-4295-97DC-9AEE28832FF5}.Analysis (Debug)|Any CPU.Build.0 = Debug|Any CPU
		{88F62712-0372-4295-97DC-9AEE28832FF5}.Debug and Contracts|Any CPU.ActiveCfg = Debug|Any CPU
		{88F62712-0372-4295-97DC-9AEE28832FF5}.Debug and Contracts|Any CPU.Build.0 = Debug|Any CPU
		{88F62712-0372-4295-97DC-9AEE28832FF5}.Debug|Any CPU.ActiveCfg = Debug|Any CPU
		{88F62712-0372-4295-97DC-9AEE28832FF5}.Debug|Any CPU.Build.0 = Debug|Any CPU
		{88F62712-0372-4295-97DC-9AEE28832FF5}.Release|Any CPU.ActiveCfg = Release|Any CPU
		{88F62712-0372-4295-97DC-9AEE28832FF5}.Release|Any CPU.Build.0 = Release|Any CPU
		{AC9A74DF-4AAB-43C8-B0ED-B7602721E545}.Analysis (Debug)|Any CPU.ActiveCfg = Analysis (Debug)|Any CPU
		{AC9A74DF-4AAB-43C8-B0ED-B7602721E545}.Analysis (Debug)|Any CPU.Build.0 = Analysis (Debug)|Any CPU
		{AC9A74DF-4AAB-43C8-B0ED-B7602721E545}.Debug and Contracts|Any CPU.ActiveCfg = Debug and Contracts|Any CPU
		{AC9A74DF-4AAB-43C8-B0ED-B7602721E545}.Debug and Contracts|Any CPU.Build.0 = Debug and Contracts|Any CPU
		{AC9A74DF-4AAB-43C8-B0ED-B7602721E545}.Debug|Any CPU.ActiveCfg = Debug|Any CPU
		{AC9A74DF-4AAB-43C8-B0ED-B7602721E545}.Debug|Any CPU.Build.0 = Debug|Any CPU
		{AC9A74DF-4AAB-43C8-B0ED-B7602721E545}.Release|Any CPU.ActiveCfg = Release|Any CPU
		{AC9A74DF-4AAB-43C8-B0ED-B7602721E545}.Release|Any CPU.Build.0 = Release|Any CPU
	EndGlobalSection
	GlobalSection(SolutionProperties) = preSolution
		HideSolutionNode = FALSE
	EndGlobalSection
EndGlobal
